PODS:
  - IQKeyboardManager (6.3.0)
  - LMForm (0.0.2):
    - IQKeyboardManager (~> 6.3.0)

DEPENDENCIES:
  - LMForm (from `../`)

SPEC REPOS:
  trunk:
    - IQKeyboardManager

EXTERNAL SOURCES:
  LMForm:
    :path: "../"

SPEC CHECKSUMS:
  IQKeyboardManager: 2ca9d64893247556f53523dcd8d78641f0ba7c23
  LMForm: 8c08138e0323e5c58c957bf8dad72193b1746619

PODFILE CHECKSUM: 30665296d78533f86ccc0ec63bd45b7e362cf7c0

COCOAPODS: 1.9.3
