PODS:
  - IQKeyboardManager (6.5.6)
  - LMForm (0.0.3):
    - IQKeyboardManager

DEPENDENCIES:
  - LMForm (from `../`)

SPEC REPOS:
  trunk:
    - IQKeyboardManager

EXTERNAL SOURCES:
  LMForm:
    :path: "../"

SPEC CHECKSUMS:
  IQKeyboardManager: 2a6e97afdafc7becf0cb17a9a8d795e3a980717f
  LMForm: e559c0ef778aab9f77aa8df82d355768ae8d2110

PODFILE CHECKSUM: b47af41ce75c4831a07240718fedb2fbabee3c85

COCOAPODS: 1.9.3
