PODS:
  - IQKeyboardManager (6.3.0)
  - LMForm (0.0.3):
    - IQKeyboardManager (~> 6.3.0)

DEPENDENCIES:
  - LMForm (from `../`)

SPEC REPOS:
  trunk:
    - IQKeyboardManager

EXTERNAL SOURCES:
  LMForm:
    :path: "../"

SPEC CHECKSUMS:
  IQKeyboardManager: 2ca9d64893247556f53523dcd8d78641f0ba7c23
  LMForm: 772af4f45a677e93d240269838f596a5823c509f

PODFILE CHECKSUM: b47af41ce75c4831a07240718fedb2fbabee3c85

COCOAPODS: 1.9.3
